
Microsoft Visual Studio Solution File, Format Version 12.00
# Visual Studio 14
VisualStudioVersion = 14.0.25123.0
MinimumVisualStudioVersion = 10.0.40219.1
Project("{FAE04EC0-301F-11D3-BF4B-00C04F79EFBC}") = "01. Say Hello", "01. Say Hello\01. Say Hello.csproj", "{011BAE6A-C6DB-4216-97AE-09812ED7EE1E}"
EndProject
Project("{FAE04EC0-301F-11D3-BF4B-00C04F79EFBC}") = "02. Get largest number", "02. Get largest number\02. Get largest number.csproj", "{0E69BAF2-8E75-49DB-A35F-F0110E683324}"
EndProject
Project("{FAE04EC0-301F-11D3-BF4B-00C04F79EFBC}") = "03. English digit", "03. English digit\03. English digit.csproj", "{6AB212C7-6547-420C-B0A4-4B45F2975DC5}"
EndProject
Project("{FAE04EC0-301F-11D3-BF4B-00C04F79EFBC}") = "04. Appearance count", "04. Appearance count\04. Appearance count.csproj", "{FDC410A3-BD40-45AE-B061-CA2A4523D046}"
EndProject
Project("{FAE04EC0-301F-11D3-BF4B-00C04F79EFBC}") = "05. Larger than neighbours", "05. Larger than neighbours\05. Larger than neighbours.csproj", "{D171EFAC-4BAD-486A-906B-8F40D389DB42}"
EndProject
Project("{FAE04EC0-301F-11D3-BF4B-00C04F79EFBC}") = "06. First larger than neighbours", "06. First larger than neighbours\06. First larger than neighbours.csproj", "{E12190CD-D56B-473F-816A-8F5A9F9B56A3}"
EndProject
Project("{FAE04EC0-301F-11D3-BF4B-00C04F79EFBC}") = "07. Reverse number", "07. Reverse number\07. Reverse number.csproj", "{D7DF199E-D082-4D96-A640-002FB7D1FA9D}"
EndProject
Project("{FAE04EC0-301F-11D3-BF4B-00C04F79EFBC}") = "08. Number as array", "08. Number as array\08. Number as array.csproj", "{22B6B5AC-FB89-4A37-A8A5-44D6977F9108}"
EndProject
Project("{FAE04EC0-301F-11D3-BF4B-00C04F79EFBC}") = "09. Sorting array", "09. Sorting array\09. Sorting array.csproj", "{6500F4EC-4DF6-4042-9DFC-6FA28431DC12}"
EndProject
Project("{FAE04EC0-301F-11D3-BF4B-00C04F79EFBC}") = "10. N Factorial", "10. N Factorial\10. N Factorial.csproj", "{006A5F91-01A6-471F-8C0E-725BC84B7D63}"
EndProject
Project("{FAE04EC0-301F-11D3-BF4B-00C04F79EFBC}") = "14. Integer calculations", "14. Integer calculations\14. Integer calculations.csproj", "{9CA968B8-9F58-41C6-90A6-91BCE41C4BCB}"
EndProject
Project("{FAE04EC0-301F-11D3-BF4B-00C04F79EFBC}") = "13. Solve tasks", "13. Solve tasks\13. Solve tasks.csproj", "{D628E188-2CF0-41E2-85D1-7264BF81722F}"
EndProject
Project("{FAE04EC0-301F-11D3-BF4B-00C04F79EFBC}") = "11. Adding polynomials", "11. Adding polynomials\11. Adding polynomials.csproj", "{E3114A26-F3FD-462F-ABC8-BB6529F98EC4}"
EndProject
Global
	GlobalSection(SolutionConfigurationPlatforms) = preSolution
		Debug|Any CPU = Debug|Any CPU
		Release|Any CPU = Release|Any CPU
	EndGlobalSection
	GlobalSection(ProjectConfigurationPlatforms) = postSolution
		{011BAE6A-C6DB-4216-97AE-09812ED7EE1E}.Debug|Any CPU.ActiveCfg = Debug|Any CPU
		{011BAE6A-C6DB-4216-97AE-09812ED7EE1E}.Debug|Any CPU.Build.0 = Debug|Any CPU
		{011BAE6A-C6DB-4216-97AE-09812ED7EE1E}.Release|Any CPU.ActiveCfg = Release|Any CPU
		{011BAE6A-C6DB-4216-97AE-09812ED7EE1E}.Release|Any CPU.Build.0 = Release|Any CPU
		{0E69BAF2-8E75-49DB-A35F-F0110E683324}.Debug|Any CPU.ActiveCfg = Debug|Any CPU
		{0E69BAF2-8E75-49DB-A35F-F0110E683324}.Debug|Any CPU.Build.0 = Debug|Any CPU
		{0E69BAF2-8E75-49DB-A35F-F0110E683324}.Release|Any CPU.ActiveCfg = Release|Any CPU
		{0E69BAF2-8E75-49DB-A35F-F0110E683324}.Release|Any CPU.Build.0 = Release|Any CPU
		{6AB212C7-6547-420C-B0A4-4B45F2975DC5}.Debug|Any CPU.ActiveCfg = Debug|Any CPU
		{6AB212C7-6547-420C-B0A4-4B45F2975DC5}.Debug|Any CPU.Build.0 = Debug|Any CPU
		{6AB212C7-6547-420C-B0A4-4B45F2975DC5}.Release|Any CPU.ActiveCfg = Release|Any CPU
		{6AB212C7-6547-420C-B0A4-4B45F2975DC5}.Release|Any CPU.Build.0 = Release|Any CPU
		{FDC410A3-BD40-45AE-B061-CA2A4523D046}.Debug|Any CPU.ActiveCfg = Debug|Any CPU
		{FDC410A3-BD40-45AE-B061-CA2A4523D046}.Debug|Any CPU.Build.0 = Debug|Any CPU
		{FDC410A3-BD40-45AE-B061-CA2A4523D046}.Release|Any CPU.ActiveCfg = Release|Any CPU
		{FDC410A3-BD40-45AE-B061-CA2A4523D046}.Release|Any CPU.Build.0 = Release|Any CPU
		{D171EFAC-4BAD-486A-906B-8F40D389DB42}.Debug|Any CPU.ActiveCfg = Debug|Any CPU
		{D171EFAC-4BAD-486A-906B-8F40D389DB42}.Debug|Any CPU.Build.0 = Debug|Any CPU
		{D171EFAC-4BAD-486A-906B-8F40D389DB42}.Release|Any CPU.ActiveCfg = Release|Any CPU
		{D171EFAC-4BAD-486A-906B-8F40D389DB42}.Release|Any CPU.Build.0 = Release|Any CPU
		{E12190CD-D56B-473F-816A-8F5A9F9B56A3}.Debug|Any CPU.ActiveCfg = Debug|Any CPU
		{E12190CD-D56B-473F-816A-8F5A9F9B56A3}.Debug|Any CPU.Build.0 = Debug|Any CPU
		{E12190CD-D56B-473F-816A-8F5A9F9B56A3}.Release|Any CPU.ActiveCfg = Release|Any CPU
		{E12190CD-D56B-473F-816A-8F5A9F9B56A3}.Release|Any CPU.Build.0 = Release|Any CPU
		{D7DF199E-D082-4D96-A640-002FB7D1FA9D}.Debug|Any CPU.ActiveCfg = Debug|Any CPU
		{D7DF199E-D082-4D96-A640-002FB7D1FA9D}.Debug|Any CPU.Build.0 = Debug|Any CPU
		{D7DF199E-D082-4D96-A640-002FB7D1FA9D}.Release|Any CPU.ActiveCfg = Release|Any CPU
		{D7DF199E-D082-4D96-A640-002FB7D1FA9D}.Release|Any CPU.Build.0 = Release|Any CPU
		{22B6B5AC-FB89-4A37-A8A5-44D6977F9108}.Debug|Any CPU.ActiveCfg = Debug|Any CPU
		{22B6B5AC-FB89-4A37-A8A5-44D6977F9108}.Debug|Any CPU.Build.0 = Debug|Any CPU
		{22B6B5AC-FB89-4A37-A8A5-44D6977F9108}.Release|Any CPU.ActiveCfg = Release|Any CPU
		{22B6B5AC-FB89-4A37-A8A5-44D6977F9108}.Release|Any CPU.Build.0 = Release|Any CPU
		{6500F4EC-4DF6-4042-9DFC-6FA28431DC12}.Debug|Any CPU.ActiveCfg = Debug|Any CPU
		{6500F4EC-4DF6-4042-9DFC-6FA28431DC12}.Debug|Any CPU.Build.0 = Debug|Any CPU
		{6500F4EC-4DF6-4042-9DFC-6FA28431DC12}.Release|Any CPU.ActiveCfg = Release|Any CPU
		{6500F4EC-4DF6-4042-9DFC-6FA28431DC12}.Release|Any CPU.Build.0 = Release|Any CPU
		{006A5F91-01A6-471F-8C0E-725BC84B7D63}.Debug|Any CPU.ActiveCfg = Debug|Any CPU
		{006A5F91-01A6-471F-8C0E-725BC84B7D63}.Debug|Any CPU.Build.0 = Debug|Any CPU
		{006A5F91-01A6-471F-8C0E-725BC84B7D63}.Release|Any CPU.ActiveCfg = Release|Any CPU
		{006A5F91-01A6-471F-8C0E-725BC84B7D63}.Release|Any CPU.Build.0 = Release|Any CPU
		{9CA968B8-9F58-41C6-90A6-91BCE41C4BCB}.Debug|Any CPU.ActiveCfg = Debug|Any CPU
		{9CA968B8-9F58-41C6-90A6-91BCE41C4BCB}.Debug|Any CPU.Build.0 = Debug|Any CPU
		{9CA968B8-9F58-41C6-90A6-91BCE41C4BCB}.Release|Any CPU.ActiveCfg = Release|Any CPU
		{9CA968B8-9F58-41C6-90A6-91BCE41C4BCB}.Release|Any CPU.Build.0 = Release|Any CPU
		{D628E188-2CF0-41E2-85D1-7264BF81722F}.Debug|Any CPU.ActiveCfg = Debug|Any CPU
		{D628E188-2CF0-41E2-85D1-7264BF81722F}.Debug|Any CPU.Build.0 = Debug|Any CPU
		{D628E188-2CF0-41E2-85D1-7264BF81722F}.Release|Any CPU.ActiveCfg = Release|Any CPU
		{D628E188-2CF0-41E2-85D1-7264BF81722F}.Release|Any CPU.Build.0 = Release|Any CPU
		{E3114A26-F3FD-462F-ABC8-BB6529F98EC4}.Debug|Any CPU.ActiveCfg = Debug|Any CPU
		{E3114A26-F3FD-462F-ABC8-BB6529F98EC4}.Debug|Any CPU.Build.0 = Debug|Any CPU
		{E3114A26-F3FD-462F-ABC8-BB6529F98EC4}.Release|Any CPU.ActiveCfg = Release|Any CPU
		{E3114A26-F3FD-462F-ABC8-BB6529F98EC4}.Release|Any CPU.Build.0 = Release|Any CPU
	EndGlobalSection
	GlobalSection(SolutionProperties) = preSolution
		HideSolutionNode = FALSE
	EndGlobalSection
EndGlobal
