
Microsoft Visual Studio Solution File, Format Version 12.00
# Visual Studio 14
VisualStudioVersion = 14.0.25123.0
MinimumVisualStudioVersion = 10.0.40219.1
Project("{FAE04EC0-301F-11D3-BF4B-00C04F79EFBC}") = "Extensions", "Extensions\Extensions.csproj", "{539027F0-9279-4657-A135-061A43A418DE}"
EndProject
Project("{FAE04EC0-301F-11D3-BF4B-00C04F79EFBC}") = "Delegates", "Delegates\Delegates.csproj", "{E772683A-0549-47C9-9CF0-FE6F1B56A731}"
EndProject
Project("{FAE04EC0-301F-11D3-BF4B-00C04F79EFBC}") = "LinqQueries", "LinqQueries\LinqQueries.csproj", "{E7A7AA26-ABC6-4218-B4D8-2B0D24BB86F6}"
EndProject
Project("{FAE04EC0-301F-11D3-BF4B-00C04F79EFBC}") = "CovergentSeries", "CovergentSeries\CovergentSeries.csproj", "{088716F6-AF8F-4BE2-AF6D-6C77B94C4F24}"
EndProject
Global
	GlobalSection(SolutionConfigurationPlatforms) = preSolution
		Debug|Any CPU = Debug|Any CPU
		Release|Any CPU = Release|Any CPU
	EndGlobalSection
	GlobalSection(ProjectConfigurationPlatforms) = postSolution
		{539027F0-9279-4657-A135-061A43A418DE}.Debug|Any CPU.ActiveCfg = Debug|Any CPU
		{539027F0-9279-4657-A135-061A43A418DE}.Debug|Any CPU.Build.0 = Debug|Any CPU
		{539027F0-9279-4657-A135-061A43A418DE}.Release|Any CPU.ActiveCfg = Release|Any CPU
		{539027F0-9279-4657-A135-061A43A418DE}.Release|Any CPU.Build.0 = Release|Any CPU
		{E772683A-0549-47C9-9CF0-FE6F1B56A731}.Debug|Any CPU.ActiveCfg = Debug|Any CPU
		{E772683A-0549-47C9-9CF0-FE6F1B56A731}.Debug|Any CPU.Build.0 = Debug|Any CPU
		{E772683A-0549-47C9-9CF0-FE6F1B56A731}.Release|Any CPU.ActiveCfg = Release|Any CPU
		{E772683A-0549-47C9-9CF0-FE6F1B56A731}.Release|Any CPU.Build.0 = Release|Any CPU
		{E7A7AA26-ABC6-4218-B4D8-2B0D24BB86F6}.Debug|Any CPU.ActiveCfg = Debug|Any CPU
		{E7A7AA26-ABC6-4218-B4D8-2B0D24BB86F6}.Debug|Any CPU.Build.0 = Debug|Any CPU
		{E7A7AA26-ABC6-4218-B4D8-2B0D24BB86F6}.Release|Any CPU.ActiveCfg = Release|Any CPU
		{E7A7AA26-ABC6-4218-B4D8-2B0D24BB86F6}.Release|Any CPU.Build.0 = Release|Any CPU
		{088716F6-AF8F-4BE2-AF6D-6C77B94C4F24}.Debug|Any CPU.ActiveCfg = Debug|Any CPU
		{088716F6-AF8F-4BE2-AF6D-6C77B94C4F24}.Debug|Any CPU.Build.0 = Debug|Any CPU
		{088716F6-AF8F-4BE2-AF6D-6C77B94C4F24}.Release|Any CPU.ActiveCfg = Release|Any CPU
		{088716F6-AF8F-4BE2-AF6D-6C77B94C4F24}.Release|Any CPU.Build.0 = Release|Any CPU
	EndGlobalSection
	GlobalSection(SolutionProperties) = preSolution
		HideSolutionNode = FALSE
	EndGlobalSection
EndGlobal
