
Microsoft Visual Studio Solution File, Format Version 12.00
# Visual Studio 14
VisualStudioVersion = 14.0.25123.0
MinimumVisualStudioVersion = 10.0.40219.1
Project("{FAE04EC0-301F-11D3-BF4B-00C04F79EFBC}") = "SchoolSystem", "SchoolSystem\SchoolSystem.csproj", "{3F66B136-1902-47C8-B95D-60C18FB03850}"
EndProject
Project("{FAE04EC0-301F-11D3-BF4B-00C04F79EFBC}") = "StudentsAndWorkers", "StudentsAndWorkers\StudentsAndWorkers.csproj", "{AA6A394E-DAFF-4DC0-AC1E-3FC32CA882CB}"
EndProject
Project("{FAE04EC0-301F-11D3-BF4B-00C04F79EFBC}") = "Validation", "Validation\Validation.csproj", "{F8354DD3-0333-4031-9E51-50CE14583586}"
EndProject
Project("{FAE04EC0-301F-11D3-BF4B-00C04F79EFBC}") = "AnimalHierarchy", "AnimalHierarchy\AnimalHierarchy.csproj", "{17C33435-D76D-470C-8D15-A3365F6C2354}"
EndProject
Global
	GlobalSection(SolutionConfigurationPlatforms) = preSolution
		Debug|Any CPU = Debug|Any CPU
		Release|Any CPU = Release|Any CPU
	EndGlobalSection
	GlobalSection(ProjectConfigurationPlatforms) = postSolution
		{3F66B136-1902-47C8-B95D-60C18FB03850}.Debug|Any CPU.ActiveCfg = Debug|Any CPU
		{3F66B136-1902-47C8-B95D-60C18FB03850}.Debug|Any CPU.Build.0 = Debug|Any CPU
		{3F66B136-1902-47C8-B95D-60C18FB03850}.Release|Any CPU.ActiveCfg = Release|Any CPU
		{3F66B136-1902-47C8-B95D-60C18FB03850}.Release|Any CPU.Build.0 = Release|Any CPU
		{AA6A394E-DAFF-4DC0-AC1E-3FC32CA882CB}.Debug|Any CPU.ActiveCfg = Debug|Any CPU
		{AA6A394E-DAFF-4DC0-AC1E-3FC32CA882CB}.Debug|Any CPU.Build.0 = Debug|Any CPU
		{AA6A394E-DAFF-4DC0-AC1E-3FC32CA882CB}.Release|Any CPU.ActiveCfg = Release|Any CPU
		{AA6A394E-DAFF-4DC0-AC1E-3FC32CA882CB}.Release|Any CPU.Build.0 = Release|Any CPU
		{F8354DD3-0333-4031-9E51-50CE14583586}.Debug|Any CPU.ActiveCfg = Debug|Any CPU
		{F8354DD3-0333-4031-9E51-50CE14583586}.Debug|Any CPU.Build.0 = Debug|Any CPU
		{F8354DD3-0333-4031-9E51-50CE14583586}.Release|Any CPU.ActiveCfg = Release|Any CPU
		{F8354DD3-0333-4031-9E51-50CE14583586}.Release|Any CPU.Build.0 = Release|Any CPU
		{17C33435-D76D-470C-8D15-A3365F6C2354}.Debug|Any CPU.ActiveCfg = Debug|Any CPU
		{17C33435-D76D-470C-8D15-A3365F6C2354}.Debug|Any CPU.Build.0 = Debug|Any CPU
		{17C33435-D76D-470C-8D15-A3365F6C2354}.Release|Any CPU.ActiveCfg = Release|Any CPU
		{17C33435-D76D-470C-8D15-A3365F6C2354}.Release|Any CPU.Build.0 = Release|Any CPU
	EndGlobalSection
	GlobalSection(SolutionProperties) = preSolution
		HideSolutionNode = FALSE
	EndGlobalSection
EndGlobal
