
Microsoft Visual Studio Solution File, Format Version 12.00
# Visual Studio 14
VisualStudioVersion = 14.0.24720.0
MinimumVisualStudioVersion = 10.0.40219.1
Project("{FAE04EC0-301F-11D3-BF4B-00C04F79EFBC}") = "01. Numbers from 1 to N", "01. Numbers from 1 to N\01. Numbers from 1 to N.csproj", "{803EBAC0-1FFD-42B6-8EAD-A25F02686F0F}"
EndProject
Project("{FAE04EC0-301F-11D3-BF4B-00C04F79EFBC}") = "02. Numbers Not Divisible by 3 and 7", "02. Numbers Not Divisible by 3 and 7\02. Numbers Not Divisible by 3 and 7.csproj", "{1A09E401-035C-4E03-9EDD-3C38B0D7D448}"
EndProject
Project("{FAE04EC0-301F-11D3-BF4B-00C04F79EFBC}") = "03. Min, Max, Sum and Average of N Numbers", "03. Min, Max, Sum and Average of N Numbers\03. Min, Max, Sum and Average of N Numbers.csproj", "{F69DB67B-3A19-4563-94C3-5FE6F58F53B8}"
EndProject
Project("{FAE04EC0-301F-11D3-BF4B-00C04F79EFBC}") = "04. Print a Deck of 52 Cards", "04. Print a Deck of 52 Cards\04. Print a Deck of 52 Cards.csproj", "{016A5F54-DFD2-4597-BFD4-8837892C1C4F}"
EndProject
Project("{FAE04EC0-301F-11D3-BF4B-00C04F79EFBC}") = "Random Numbers in Given Range", "11. Random Numbers in Given Range\Random Numbers in Given Range.csproj", "{A8949F62-7842-4029-B2BC-3124D8FC4345}"
EndProject
Project("{FAE04EC0-301F-11D3-BF4B-00C04F79EFBC}") = "Randomize the Numbers 1…N", "12. Randomize the Numbers 1…N\Randomize the Numbers 1…N.csproj", "{FB91A48F-6C98-44D8-A9DA-E175AB2BD9EB}"
EndProject
Project("{FAE04EC0-301F-11D3-BF4B-00C04F79EFBC}") = "17. Spiral Matrix", "19. Spiral Matrix\17. Spiral Matrix.csproj", "{FC125989-2C1C-4B13-9AB8-67628DF48D9E}"
EndProject
Project("{FAE04EC0-301F-11D3-BF4B-00C04F79EFBC}") = "05. Calculate", "5. Calculate\05. Calculate.csproj", "{620674A4-DD59-4A75-8675-14BB5F36CCD1}"
EndProject
Project("{FAE04EC0-301F-11D3-BF4B-00C04F79EFBC}") = "06. Calculate N! divided K!", "06. Calculate N! divided K!\06. Calculate N! divided K!.csproj", "{8C802BC6-FA3C-4943-84EB-25023739A13F}"
EndProject
Project("{FAE04EC0-301F-11D3-BF4B-00C04F79EFBC}") = "09. Matrix of Numbers", "09. Matrix of Numbers\09. Matrix of Numbers.csproj", "{B123FA4A-A697-4C1F-B5AD-D964E9290DC7}"
EndProject
Project("{FAE04EC0-301F-11D3-BF4B-00C04F79EFBC}") = "07. Calculate N! divided (K! multiplied (N-K)!)", "07. Calculate N! divided (K! multiplied (N-K)!)\07. Calculate N! divided (K! multiplied (N-K)!).csproj", "{42F6B0B1-923A-4024-B379-D52DE55FC633}"
EndProject
Project("{FAE04EC0-301F-11D3-BF4B-00C04F79EFBC}") = "08. Catalan Numbers", "08. Catalan Numbers\08. Catalan Numbers.csproj", "{6E85B593-6BE5-4FD8-90D5-D54C2858EED5}"
EndProject
Project("{FAE04EC0-301F-11D3-BF4B-00C04F79EFBC}") = "10. Odd and Even Product", "10. Odd and Even Product\10. Odd and Even Product.csproj", "{1D51B2E2-99F4-404F-B0F5-3AD54F9DAD43}"
EndProject
Project("{FAE04EC0-301F-11D3-BF4B-00C04F79EFBC}") = "16. Trailing Zeroes", "18. Trailing Zeroes\16. Trailing Zeroes.csproj", "{93598924-CB22-487D-B93A-A74CC5F6A9B6}"
EndProject
Project("{FAE04EC0-301F-11D3-BF4B-00C04F79EFBC}") = "15. Calculate GCD", "17. Calculate GCD\15. Calculate GCD.csproj", "{6687990B-8B23-44F7-BEBD-E70FF40E7DD1}"
EndProject
Project("{FAE04EC0-301F-11D3-BF4B-00C04F79EFBC}") = "11. Binary to Decimal Number", "13. Binary to Decimal Number\11. Binary to Decimal Number.csproj", "{09CF52D2-F1C4-4001-A97F-6E298636279C}"
EndProject
Project("{FAE04EC0-301F-11D3-BF4B-00C04F79EFBC}") = "12. Decimal to Binary Number", "14. Decimal to Binary Number\12. Decimal to Binary Number.csproj", "{571E056E-A754-4698-A324-4360C90E5C44}"
EndProject
Project("{FAE04EC0-301F-11D3-BF4B-00C04F79EFBC}") = "14. Hexadecimal to Decimal Number", "15. Hexadecimal to Decimal Number\14. Hexadecimal to Decimal Number.csproj", "{86B3D9FE-06E4-4F9F-8D0B-2B493DAC9CE7}"
EndProject
Project("{FAE04EC0-301F-11D3-BF4B-00C04F79EFBC}") = "13. Decimal to Hexadecimal Number", "16. Decimal to Hexadecimal Number\13. Decimal to Hexadecimal Number.csproj", "{A96D1D68-E5AB-4F7B-B6B0-4BE6DB956BC7}"
EndProject
Global
	GlobalSection(SolutionConfigurationPlatforms) = preSolution
		Debug|Any CPU = Debug|Any CPU
		Release|Any CPU = Release|Any CPU
	EndGlobalSection
	GlobalSection(ProjectConfigurationPlatforms) = postSolution
		{803EBAC0-1FFD-42B6-8EAD-A25F02686F0F}.Debug|Any CPU.ActiveCfg = Debug|Any CPU
		{803EBAC0-1FFD-42B6-8EAD-A25F02686F0F}.Debug|Any CPU.Build.0 = Debug|Any CPU
		{803EBAC0-1FFD-42B6-8EAD-A25F02686F0F}.Release|Any CPU.ActiveCfg = Release|Any CPU
		{803EBAC0-1FFD-42B6-8EAD-A25F02686F0F}.Release|Any CPU.Build.0 = Release|Any CPU
		{1A09E401-035C-4E03-9EDD-3C38B0D7D448}.Debug|Any CPU.ActiveCfg = Debug|Any CPU
		{1A09E401-035C-4E03-9EDD-3C38B0D7D448}.Debug|Any CPU.Build.0 = Debug|Any CPU
		{1A09E401-035C-4E03-9EDD-3C38B0D7D448}.Release|Any CPU.ActiveCfg = Release|Any CPU
		{1A09E401-035C-4E03-9EDD-3C38B0D7D448}.Release|Any CPU.Build.0 = Release|Any CPU
		{F69DB67B-3A19-4563-94C3-5FE6F58F53B8}.Debug|Any CPU.ActiveCfg = Debug|Any CPU
		{F69DB67B-3A19-4563-94C3-5FE6F58F53B8}.Debug|Any CPU.Build.0 = Debug|Any CPU
		{F69DB67B-3A19-4563-94C3-5FE6F58F53B8}.Release|Any CPU.ActiveCfg = Release|Any CPU
		{F69DB67B-3A19-4563-94C3-5FE6F58F53B8}.Release|Any CPU.Build.0 = Release|Any CPU
		{016A5F54-DFD2-4597-BFD4-8837892C1C4F}.Debug|Any CPU.ActiveCfg = Debug|Any CPU
		{016A5F54-DFD2-4597-BFD4-8837892C1C4F}.Debug|Any CPU.Build.0 = Debug|Any CPU
		{016A5F54-DFD2-4597-BFD4-8837892C1C4F}.Release|Any CPU.ActiveCfg = Release|Any CPU
		{016A5F54-DFD2-4597-BFD4-8837892C1C4F}.Release|Any CPU.Build.0 = Release|Any CPU
		{A8949F62-7842-4029-B2BC-3124D8FC4345}.Debug|Any CPU.ActiveCfg = Debug|Any CPU
		{A8949F62-7842-4029-B2BC-3124D8FC4345}.Debug|Any CPU.Build.0 = Debug|Any CPU
		{A8949F62-7842-4029-B2BC-3124D8FC4345}.Release|Any CPU.ActiveCfg = Release|Any CPU
		{A8949F62-7842-4029-B2BC-3124D8FC4345}.Release|Any CPU.Build.0 = Release|Any CPU
		{FB91A48F-6C98-44D8-A9DA-E175AB2BD9EB}.Debug|Any CPU.ActiveCfg = Debug|Any CPU
		{FB91A48F-6C98-44D8-A9DA-E175AB2BD9EB}.Debug|Any CPU.Build.0 = Debug|Any CPU
		{FB91A48F-6C98-44D8-A9DA-E175AB2BD9EB}.Release|Any CPU.ActiveCfg = Release|Any CPU
		{FB91A48F-6C98-44D8-A9DA-E175AB2BD9EB}.Release|Any CPU.Build.0 = Release|Any CPU
		{FC125989-2C1C-4B13-9AB8-67628DF48D9E}.Debug|Any CPU.ActiveCfg = Debug|Any CPU
		{FC125989-2C1C-4B13-9AB8-67628DF48D9E}.Debug|Any CPU.Build.0 = Debug|Any CPU
		{FC125989-2C1C-4B13-9AB8-67628DF48D9E}.Release|Any CPU.ActiveCfg = Release|Any CPU
		{FC125989-2C1C-4B13-9AB8-67628DF48D9E}.Release|Any CPU.Build.0 = Release|Any CPU
		{620674A4-DD59-4A75-8675-14BB5F36CCD1}.Debug|Any CPU.ActiveCfg = Debug|Any CPU
		{620674A4-DD59-4A75-8675-14BB5F36CCD1}.Debug|Any CPU.Build.0 = Debug|Any CPU
		{620674A4-DD59-4A75-8675-14BB5F36CCD1}.Release|Any CPU.ActiveCfg = Release|Any CPU
		{620674A4-DD59-4A75-8675-14BB5F36CCD1}.Release|Any CPU.Build.0 = Release|Any CPU
		{8C802BC6-FA3C-4943-84EB-25023739A13F}.Debug|Any CPU.ActiveCfg = Debug|Any CPU
		{8C802BC6-FA3C-4943-84EB-25023739A13F}.Debug|Any CPU.Build.0 = Debug|Any CPU
		{8C802BC6-FA3C-4943-84EB-25023739A13F}.Release|Any CPU.ActiveCfg = Release|Any CPU
		{8C802BC6-FA3C-4943-84EB-25023739A13F}.Release|Any CPU.Build.0 = Release|Any CPU
		{B123FA4A-A697-4C1F-B5AD-D964E9290DC7}.Debug|Any CPU.ActiveCfg = Debug|Any CPU
		{B123FA4A-A697-4C1F-B5AD-D964E9290DC7}.Debug|Any CPU.Build.0 = Debug|Any CPU
		{B123FA4A-A697-4C1F-B5AD-D964E9290DC7}.Release|Any CPU.ActiveCfg = Release|Any CPU
		{B123FA4A-A697-4C1F-B5AD-D964E9290DC7}.Release|Any CPU.Build.0 = Release|Any CPU
		{42F6B0B1-923A-4024-B379-D52DE55FC633}.Debug|Any CPU.ActiveCfg = Debug|Any CPU
		{42F6B0B1-923A-4024-B379-D52DE55FC633}.Debug|Any CPU.Build.0 = Debug|Any CPU
		{42F6B0B1-923A-4024-B379-D52DE55FC633}.Release|Any CPU.ActiveCfg = Release|Any CPU
		{42F6B0B1-923A-4024-B379-D52DE55FC633}.Release|Any CPU.Build.0 = Release|Any CPU
		{6E85B593-6BE5-4FD8-90D5-D54C2858EED5}.Debug|Any CPU.ActiveCfg = Debug|Any CPU
		{6E85B593-6BE5-4FD8-90D5-D54C2858EED5}.Debug|Any CPU.Build.0 = Debug|Any CPU
		{6E85B593-6BE5-4FD8-90D5-D54C2858EED5}.Release|Any CPU.ActiveCfg = Release|Any CPU
		{6E85B593-6BE5-4FD8-90D5-D54C2858EED5}.Release|Any CPU.Build.0 = Release|Any CPU
		{1D51B2E2-99F4-404F-B0F5-3AD54F9DAD43}.Debug|Any CPU.ActiveCfg = Debug|Any CPU
		{1D51B2E2-99F4-404F-B0F5-3AD54F9DAD43}.Debug|Any CPU.Build.0 = Debug|Any CPU
		{1D51B2E2-99F4-404F-B0F5-3AD54F9DAD43}.Release|Any CPU.ActiveCfg = Release|Any CPU
		{1D51B2E2-99F4-404F-B0F5-3AD54F9DAD43}.Release|Any CPU.Build.0 = Release|Any CPU
		{93598924-CB22-487D-B93A-A74CC5F6A9B6}.Debug|Any CPU.ActiveCfg = Debug|Any CPU
		{93598924-CB22-487D-B93A-A74CC5F6A9B6}.Debug|Any CPU.Build.0 = Debug|Any CPU
		{93598924-CB22-487D-B93A-A74CC5F6A9B6}.Release|Any CPU.ActiveCfg = Release|Any CPU
		{93598924-CB22-487D-B93A-A74CC5F6A9B6}.Release|Any CPU.Build.0 = Release|Any CPU
		{6687990B-8B23-44F7-BEBD-E70FF40E7DD1}.Debug|Any CPU.ActiveCfg = Debug|Any CPU
		{6687990B-8B23-44F7-BEBD-E70FF40E7DD1}.Debug|Any CPU.Build.0 = Debug|Any CPU
		{6687990B-8B23-44F7-BEBD-E70FF40E7DD1}.Release|Any CPU.ActiveCfg = Release|Any CPU
		{6687990B-8B23-44F7-BEBD-E70FF40E7DD1}.Release|Any CPU.Build.0 = Release|Any CPU
		{09CF52D2-F1C4-4001-A97F-6E298636279C}.Debug|Any CPU.ActiveCfg = Debug|Any CPU
		{09CF52D2-F1C4-4001-A97F-6E298636279C}.Debug|Any CPU.Build.0 = Debug|Any CPU
		{09CF52D2-F1C4-4001-A97F-6E298636279C}.Release|Any CPU.ActiveCfg = Release|Any CPU
		{09CF52D2-F1C4-4001-A97F-6E298636279C}.Release|Any CPU.Build.0 = Release|Any CPU
		{571E056E-A754-4698-A324-4360C90E5C44}.Debug|Any CPU.ActiveCfg = Debug|Any CPU
		{571E056E-A754-4698-A324-4360C90E5C44}.Debug|Any CPU.Build.0 = Debug|Any CPU
		{571E056E-A754-4698-A324-4360C90E5C44}.Release|Any CPU.ActiveCfg = Release|Any CPU
		{571E056E-A754-4698-A324-4360C90E5C44}.Release|Any CPU.Build.0 = Release|Any CPU
		{86B3D9FE-06E4-4F9F-8D0B-2B493DAC9CE7}.Debug|Any CPU.ActiveCfg = Debug|Any CPU
		{86B3D9FE-06E4-4F9F-8D0B-2B493DAC9CE7}.Debug|Any CPU.Build.0 = Debug|Any CPU
		{86B3D9FE-06E4-4F9F-8D0B-2B493DAC9CE7}.Release|Any CPU.ActiveCfg = Release|Any CPU
		{86B3D9FE-06E4-4F9F-8D0B-2B493DAC9CE7}.Release|Any CPU.Build.0 = Release|Any CPU
		{A96D1D68-E5AB-4F7B-B6B0-4BE6DB956BC7}.Debug|Any CPU.ActiveCfg = Debug|Any CPU
		{A96D1D68-E5AB-4F7B-B6B0-4BE6DB956BC7}.Debug|Any CPU.Build.0 = Debug|Any CPU
		{A96D1D68-E5AB-4F7B-B6B0-4BE6DB956BC7}.Release|Any CPU.ActiveCfg = Release|Any CPU
		{A96D1D68-E5AB-4F7B-B6B0-4BE6DB956BC7}.Release|Any CPU.Build.0 = Release|Any CPU
	EndGlobalSection
	GlobalSection(SolutionProperties) = preSolution
		HideSolutionNode = FALSE
	EndGlobalSection
EndGlobal
