
Microsoft Visual Studio Solution File, Format Version 12.00
# Visual Studio 14
VisualStudioVersion = 14.0.25123.0
MinimumVisualStudioVersion = 10.0.40219.1
Project("{FAE04EC0-301F-11D3-BF4B-00C04F79EFBC}") = "1 - DeCatCOding", "1 - DeCatCOding\1 - DeCatCOding.csproj", "{9A8C78F4-5935-4A37-BCF8-C4D4085C3E2E}"
EndProject
Project("{FAE04EC0-301F-11D3-BF4B-00C04F79EFBC}") = "2 - IncreasingAbsoluteDifferences", "2 - IncreasingAbsoluteDifferences\2 - IncreasingAbsoluteDifferences.csproj", "{2618BA79-47CB-405C-A427-8647D47BD102}"
EndProject
Project("{FAE04EC0-301F-11D3-BF4B-00C04F79EFBC}") = "4. CATastrophe", "4. CATastrophe\4. CATastrophe.csproj", "{7C3C05A3-11EB-4505-BAC1-4667073F8372}"
EndProject
Project("{FAE04EC0-301F-11D3-BF4B-00C04F79EFBC}") = "1.1. DecatCoding", "1.1. DecatCoding\1.1. DecatCoding.csproj", "{4A3BEC64-6878-4127-95BE-88CE5169E3A7}"
EndProject
Global
	GlobalSection(SolutionConfigurationPlatforms) = preSolution
		Debug|Any CPU = Debug|Any CPU
		Release|Any CPU = Release|Any CPU
	EndGlobalSection
	GlobalSection(ProjectConfigurationPlatforms) = postSolution
		{9A8C78F4-5935-4A37-BCF8-C4D4085C3E2E}.Debug|Any CPU.ActiveCfg = Debug|Any CPU
		{9A8C78F4-5935-4A37-BCF8-C4D4085C3E2E}.Debug|Any CPU.Build.0 = Debug|Any CPU
		{9A8C78F4-5935-4A37-BCF8-C4D4085C3E2E}.Release|Any CPU.ActiveCfg = Release|Any CPU
		{9A8C78F4-5935-4A37-BCF8-C4D4085C3E2E}.Release|Any CPU.Build.0 = Release|Any CPU
		{2618BA79-47CB-405C-A427-8647D47BD102}.Debug|Any CPU.ActiveCfg = Debug|Any CPU
		{2618BA79-47CB-405C-A427-8647D47BD102}.Debug|Any CPU.Build.0 = Debug|Any CPU
		{2618BA79-47CB-405C-A427-8647D47BD102}.Release|Any CPU.ActiveCfg = Release|Any CPU
		{2618BA79-47CB-405C-A427-8647D47BD102}.Release|Any CPU.Build.0 = Release|Any CPU
		{7C3C05A3-11EB-4505-BAC1-4667073F8372}.Debug|Any CPU.ActiveCfg = Debug|Any CPU
		{7C3C05A3-11EB-4505-BAC1-4667073F8372}.Debug|Any CPU.Build.0 = Debug|Any CPU
		{7C3C05A3-11EB-4505-BAC1-4667073F8372}.Release|Any CPU.ActiveCfg = Release|Any CPU
		{7C3C05A3-11EB-4505-BAC1-4667073F8372}.Release|Any CPU.Build.0 = Release|Any CPU
		{4A3BEC64-6878-4127-95BE-88CE5169E3A7}.Debug|Any CPU.ActiveCfg = Debug|Any CPU
		{4A3BEC64-6878-4127-95BE-88CE5169E3A7}.Debug|Any CPU.Build.0 = Debug|Any CPU
		{4A3BEC64-6878-4127-95BE-88CE5169E3A7}.Release|Any CPU.ActiveCfg = Release|Any CPU
		{4A3BEC64-6878-4127-95BE-88CE5169E3A7}.Release|Any CPU.Build.0 = Release|Any CPU
	EndGlobalSection
	GlobalSection(SolutionProperties) = preSolution
		HideSolutionNode = FALSE
	EndGlobalSection
EndGlobal
