
Microsoft Visual Studio Solution File, Format Version 12.00
# Visual Studio 14
VisualStudioVersion = 14.0.24720.0
MinimumVisualStudioVersion = 10.0.40219.1
Project("{FAE04EC0-301F-11D3-BF4B-00C04F79EFBC}") = "01. Declare-Variables", "Declare-Variables\01. Declare-Variables.csproj", "{CA29394A-5045-424D-A34A-092E4753A41A}"
EndProject
Project("{FAE04EC0-301F-11D3-BF4B-00C04F79EFBC}") = "02. Float-Or-Double", "Float-Or-Double\02. Float-Or-Double.csproj", "{9C3A0A03-97D4-4A53-BB08-648B6483AB10}"
EndProject
Project("{FAE04EC0-301F-11D3-BF4B-00C04F79EFBC}") = "03. Variable-In-Hexadecimal-Format", "Variable-In-Hexadecimal-Format\03. Variable-In-Hexadecimal-Format.csproj", "{046E2475-1A9D-4CBA-9915-0E03F48BFE40}"
EndProject
Project("{FAE04EC0-301F-11D3-BF4B-00C04F79EFBC}") = "04. Unicode-Character", "Unicode-Character\04. Unicode-Character.csproj", "{B831D7C5-ED59-4505-9FDD-50AB5A22B8DD}"
EndProject
Project("{FAE04EC0-301F-11D3-BF4B-00C04F79EFBC}") = "05. Boolean-Variable", "Boolean-Variable\05. Boolean-Variable.csproj", "{1475EDB2-1B22-402C-8909-9AA6E9E0B153}"
EndProject
Project("{FAE04EC0-301F-11D3-BF4B-00C04F79EFBC}") = "06. Strings-And-Objects", "Strings-And-Objects\06. Strings-And-Objects.csproj", "{A51A81C1-B09E-48FA-A9B5-0429166E7425}"
EndProject
Project("{FAE04EC0-301F-11D3-BF4B-00C04F79EFBC}") = "07. Quotes-In-Strings", "Quotes-In-Strings\07. Quotes-In-Strings.csproj", "{399AD616-DED1-4D0E-AF7E-C5988E9BC652}"
EndProject
Project("{FAE04EC0-301F-11D3-BF4B-00C04F79EFBC}") = "08. Isosceles-Triangle", "Isosceles-Triangle\08. Isosceles-Triangle.csproj", "{CB5A77B3-7AE4-42E4-A54F-D653C599DFBC}"
EndProject
Project("{FAE04EC0-301F-11D3-BF4B-00C04F79EFBC}") = "14. Print-The-ASCII-Table", "Print-The-ASCII-Table\14. Print-The-ASCII-Table.csproj", "{3C6D9B4A-D468-4D05-B32D-2842C4A78FCC}"
EndProject
Project("{FAE04EC0-301F-11D3-BF4B-00C04F79EFBC}") = "13. Comparing-Floats", "Comparing-Floats\13. Comparing-Floats.csproj", "{7D50CCF4-EBA7-4D33-A36D-1F12FD57B703}"
EndProject
Project("{FAE04EC0-301F-11D3-BF4B-00C04F79EFBC}") = "09. Exchange-Variable-Values", "Exchange-Variable-Values\09. Exchange-Variable-Values.csproj", "{F21E98D1-DF3C-4A8F-84D7-2378E63DD5E4}"
EndProject
Project("{FAE04EC0-301F-11D3-BF4B-00C04F79EFBC}") = "12. Null-Values-Arithmetic", "Null-Values-Arithmetic\12. Null-Values-Arithmetic.csproj", "{FEC7A1BE-4CB5-4FE0-9DC1-3842C60D94AA}"
EndProject
Project("{FAE04EC0-301F-11D3-BF4B-00C04F79EFBC}") = "11. Bank-Account-Data", "Bank-Account-Data\11. Bank-Account-Data.csproj", "{2BF73B85-18B6-4B62-9178-EF76E778F266}"
EndProject
Project("{FAE04EC0-301F-11D3-BF4B-00C04F79EFBC}") = "10. Employee-Data", "Employee-Data\10. Employee-Data.csproj", "{2DF2F3C0-1E85-4D2A-8DCB-CF6126CBCE3D}"
EndProject
Global
	GlobalSection(SolutionConfigurationPlatforms) = preSolution
		Debug|Any CPU = Debug|Any CPU
		Release|Any CPU = Release|Any CPU
	EndGlobalSection
	GlobalSection(ProjectConfigurationPlatforms) = postSolution
		{CA29394A-5045-424D-A34A-092E4753A41A}.Debug|Any CPU.ActiveCfg = Debug|Any CPU
		{CA29394A-5045-424D-A34A-092E4753A41A}.Debug|Any CPU.Build.0 = Debug|Any CPU
		{CA29394A-5045-424D-A34A-092E4753A41A}.Release|Any CPU.ActiveCfg = Release|Any CPU
		{CA29394A-5045-424D-A34A-092E4753A41A}.Release|Any CPU.Build.0 = Release|Any CPU
		{9C3A0A03-97D4-4A53-BB08-648B6483AB10}.Debug|Any CPU.ActiveCfg = Debug|Any CPU
		{9C3A0A03-97D4-4A53-BB08-648B6483AB10}.Debug|Any CPU.Build.0 = Debug|Any CPU
		{9C3A0A03-97D4-4A53-BB08-648B6483AB10}.Release|Any CPU.ActiveCfg = Release|Any CPU
		{9C3A0A03-97D4-4A53-BB08-648B6483AB10}.Release|Any CPU.Build.0 = Release|Any CPU
		{046E2475-1A9D-4CBA-9915-0E03F48BFE40}.Debug|Any CPU.ActiveCfg = Debug|Any CPU
		{046E2475-1A9D-4CBA-9915-0E03F48BFE40}.Debug|Any CPU.Build.0 = Debug|Any CPU
		{046E2475-1A9D-4CBA-9915-0E03F48BFE40}.Release|Any CPU.ActiveCfg = Release|Any CPU
		{046E2475-1A9D-4CBA-9915-0E03F48BFE40}.Release|Any CPU.Build.0 = Release|Any CPU
		{B831D7C5-ED59-4505-9FDD-50AB5A22B8DD}.Debug|Any CPU.ActiveCfg = Debug|Any CPU
		{B831D7C5-ED59-4505-9FDD-50AB5A22B8DD}.Debug|Any CPU.Build.0 = Debug|Any CPU
		{B831D7C5-ED59-4505-9FDD-50AB5A22B8DD}.Release|Any CPU.ActiveCfg = Release|Any CPU
		{B831D7C5-ED59-4505-9FDD-50AB5A22B8DD}.Release|Any CPU.Build.0 = Release|Any CPU
		{1475EDB2-1B22-402C-8909-9AA6E9E0B153}.Debug|Any CPU.ActiveCfg = Debug|Any CPU
		{1475EDB2-1B22-402C-8909-9AA6E9E0B153}.Debug|Any CPU.Build.0 = Debug|Any CPU
		{1475EDB2-1B22-402C-8909-9AA6E9E0B153}.Release|Any CPU.ActiveCfg = Release|Any CPU
		{1475EDB2-1B22-402C-8909-9AA6E9E0B153}.Release|Any CPU.Build.0 = Release|Any CPU
		{A51A81C1-B09E-48FA-A9B5-0429166E7425}.Debug|Any CPU.ActiveCfg = Debug|Any CPU
		{A51A81C1-B09E-48FA-A9B5-0429166E7425}.Debug|Any CPU.Build.0 = Debug|Any CPU
		{A51A81C1-B09E-48FA-A9B5-0429166E7425}.Release|Any CPU.ActiveCfg = Release|Any CPU
		{A51A81C1-B09E-48FA-A9B5-0429166E7425}.Release|Any CPU.Build.0 = Release|Any CPU
		{399AD616-DED1-4D0E-AF7E-C5988E9BC652}.Debug|Any CPU.ActiveCfg = Debug|Any CPU
		{399AD616-DED1-4D0E-AF7E-C5988E9BC652}.Debug|Any CPU.Build.0 = Debug|Any CPU
		{399AD616-DED1-4D0E-AF7E-C5988E9BC652}.Release|Any CPU.ActiveCfg = Release|Any CPU
		{399AD616-DED1-4D0E-AF7E-C5988E9BC652}.Release|Any CPU.Build.0 = Release|Any CPU
		{CB5A77B3-7AE4-42E4-A54F-D653C599DFBC}.Debug|Any CPU.ActiveCfg = Debug|Any CPU
		{CB5A77B3-7AE4-42E4-A54F-D653C599DFBC}.Debug|Any CPU.Build.0 = Debug|Any CPU
		{CB5A77B3-7AE4-42E4-A54F-D653C599DFBC}.Release|Any CPU.ActiveCfg = Release|Any CPU
		{CB5A77B3-7AE4-42E4-A54F-D653C599DFBC}.Release|Any CPU.Build.0 = Release|Any CPU
		{3C6D9B4A-D468-4D05-B32D-2842C4A78FCC}.Debug|Any CPU.ActiveCfg = Debug|Any CPU
		{3C6D9B4A-D468-4D05-B32D-2842C4A78FCC}.Debug|Any CPU.Build.0 = Debug|Any CPU
		{3C6D9B4A-D468-4D05-B32D-2842C4A78FCC}.Release|Any CPU.ActiveCfg = Release|Any CPU
		{3C6D9B4A-D468-4D05-B32D-2842C4A78FCC}.Release|Any CPU.Build.0 = Release|Any CPU
		{7D50CCF4-EBA7-4D33-A36D-1F12FD57B703}.Debug|Any CPU.ActiveCfg = Debug|Any CPU
		{7D50CCF4-EBA7-4D33-A36D-1F12FD57B703}.Debug|Any CPU.Build.0 = Debug|Any CPU
		{7D50CCF4-EBA7-4D33-A36D-1F12FD57B703}.Release|Any CPU.ActiveCfg = Release|Any CPU
		{7D50CCF4-EBA7-4D33-A36D-1F12FD57B703}.Release|Any CPU.Build.0 = Release|Any CPU
		{F21E98D1-DF3C-4A8F-84D7-2378E63DD5E4}.Debug|Any CPU.ActiveCfg = Debug|Any CPU
		{F21E98D1-DF3C-4A8F-84D7-2378E63DD5E4}.Debug|Any CPU.Build.0 = Debug|Any CPU
		{F21E98D1-DF3C-4A8F-84D7-2378E63DD5E4}.Release|Any CPU.ActiveCfg = Release|Any CPU
		{F21E98D1-DF3C-4A8F-84D7-2378E63DD5E4}.Release|Any CPU.Build.0 = Release|Any CPU
		{FEC7A1BE-4CB5-4FE0-9DC1-3842C60D94AA}.Debug|Any CPU.ActiveCfg = Debug|Any CPU
		{FEC7A1BE-4CB5-4FE0-9DC1-3842C60D94AA}.Debug|Any CPU.Build.0 = Debug|Any CPU
		{FEC7A1BE-4CB5-4FE0-9DC1-3842C60D94AA}.Release|Any CPU.ActiveCfg = Release|Any CPU
		{FEC7A1BE-4CB5-4FE0-9DC1-3842C60D94AA}.Release|Any CPU.Build.0 = Release|Any CPU
		{2BF73B85-18B6-4B62-9178-EF76E778F266}.Debug|Any CPU.ActiveCfg = Debug|Any CPU
		{2BF73B85-18B6-4B62-9178-EF76E778F266}.Debug|Any CPU.Build.0 = Debug|Any CPU
		{2BF73B85-18B6-4B62-9178-EF76E778F266}.Release|Any CPU.ActiveCfg = Release|Any CPU
		{2BF73B85-18B6-4B62-9178-EF76E778F266}.Release|Any CPU.Build.0 = Release|Any CPU
		{2DF2F3C0-1E85-4D2A-8DCB-CF6126CBCE3D}.Debug|Any CPU.ActiveCfg = Debug|Any CPU
		{2DF2F3C0-1E85-4D2A-8DCB-CF6126CBCE3D}.Debug|Any CPU.Build.0 = Debug|Any CPU
		{2DF2F3C0-1E85-4D2A-8DCB-CF6126CBCE3D}.Release|Any CPU.ActiveCfg = Release|Any CPU
		{2DF2F3C0-1E85-4D2A-8DCB-CF6126CBCE3D}.Release|Any CPU.Build.0 = Release|Any CPU
	EndGlobalSection
	GlobalSection(SolutionProperties) = preSolution
		HideSolutionNode = FALSE
	EndGlobalSection
EndGlobal
