
Microsoft Visual Studio Solution File, Format Version 12.00
# Visual Studio 14
VisualStudioVersion = 14.0.24720.0
MinimumVisualStudioVersion = 10.0.40219.1
Project("{FAE04EC0-301F-11D3-BF4B-00C04F79EFBC}") = "01. ExchangeIfGreater", "01. ExchangeIfGreater\01. ExchangeIfGreater.csproj", "{4B75204F-FE0D-4195-97FC-B6191714A967}"
EndProject
Project("{FAE04EC0-301F-11D3-BF4B-00C04F79EFBC}") = "02. BonusScore", "02. BonusScore\02. BonusScore.csproj", "{C8350369-5E6A-4518-B090-8193829B0E07}"
EndProject
Project("{FAE04EC0-301F-11D3-BF4B-00C04F79EFBC}") = "03. CheckForAPlayCard", "03. CheckForAPlayCard\03. CheckForAPlayCard.csproj", "{2CBB4BD8-F2CB-4B82-ABB6-D71B4A1CFCD6}"
EndProject
Project("{FAE04EC0-301F-11D3-BF4B-00C04F79EFBC}") = "04. MultiplicationSign", "04. MultiplicationSign\04. MultiplicationSign.csproj", "{62A81764-DB95-49CB-AA36-D5FD3DFC6E71}"
EndProject
Project("{FAE04EC0-301F-11D3-BF4B-00C04F79EFBC}") = "05. TheBiggestOThreeNumbers", "05. TheBiggestOThreeNumbers\05. TheBiggestOThreeNumbers.csproj", "{16EAAA6D-0C4B-4A12-971E-F62AB70A1EE4}"
EndProject
Project("{FAE04EC0-301F-11D3-BF4B-00C04F79EFBC}") = "06. TheBiggestOfFiveNumbers", "06. TheBiggestOfFiveNumbers\06. TheBiggestOfFiveNumbers.csproj", "{EC058346-663A-499C-9535-611CC2DB19E3}"
EndProject
Project("{FAE04EC0-301F-11D3-BF4B-00C04F79EFBC}") = "07. SortThreeNumbersWithNestedIfs", "07. SortThreeNumbersWithNestedIfs\07. SortThreeNumbersWithNestedIfs.csproj", "{6F28249D-6F38-43D4-AB3A-27508E589EE5}"
EndProject
Project("{FAE04EC0-301F-11D3-BF4B-00C04F79EFBC}") = "08. DigitAsWord", "08. DigitAsWord\08. DigitAsWord.csproj", "{65065C5B-8839-437D-B23F-2D5AA4866E2D}"
EndProject
Project("{FAE04EC0-301F-11D3-BF4B-00C04F79EFBC}") = "09. Play with Int, Double and String", "09. Play with Int, Double and String\09. Play with Int, Double and String.csproj", "{3D2A7923-E29F-4663-A5AF-17181FC9622B}"
EndProject
Project("{FAE04EC0-301F-11D3-BF4B-00C04F79EFBC}") = "10. Beer Time", "10. Beer Time\10. Beer Time.csproj", "{88C48D64-C38B-4B87-9A3B-DC1763A93E94}"
EndProject
Project("{FAE04EC0-301F-11D3-BF4B-00C04F79EFBC}") = "11. Number as Words", "11. Number as Words\11. Number as Words.csproj", "{AB97C3E3-F559-4631-A554-F4CD6B594228}"
EndProject
Project("{FAE04EC0-301F-11D3-BF4B-00C04F79EFBC}") = "12. Zero Subset", "12. Zero Subset\12. Zero Subset.csproj", "{01B3CAE5-8BB5-4887-8047-DA394F481403}"
EndProject
Global
	GlobalSection(SolutionConfigurationPlatforms) = preSolution
		Debug|Any CPU = Debug|Any CPU
		Release|Any CPU = Release|Any CPU
	EndGlobalSection
	GlobalSection(ProjectConfigurationPlatforms) = postSolution
		{4B75204F-FE0D-4195-97FC-B6191714A967}.Debug|Any CPU.ActiveCfg = Debug|Any CPU
		{4B75204F-FE0D-4195-97FC-B6191714A967}.Debug|Any CPU.Build.0 = Debug|Any CPU
		{4B75204F-FE0D-4195-97FC-B6191714A967}.Release|Any CPU.ActiveCfg = Release|Any CPU
		{4B75204F-FE0D-4195-97FC-B6191714A967}.Release|Any CPU.Build.0 = Release|Any CPU
		{C8350369-5E6A-4518-B090-8193829B0E07}.Debug|Any CPU.ActiveCfg = Debug|Any CPU
		{C8350369-5E6A-4518-B090-8193829B0E07}.Debug|Any CPU.Build.0 = Debug|Any CPU
		{C8350369-5E6A-4518-B090-8193829B0E07}.Release|Any CPU.ActiveCfg = Release|Any CPU
		{C8350369-5E6A-4518-B090-8193829B0E07}.Release|Any CPU.Build.0 = Release|Any CPU
		{2CBB4BD8-F2CB-4B82-ABB6-D71B4A1CFCD6}.Debug|Any CPU.ActiveCfg = Debug|Any CPU
		{2CBB4BD8-F2CB-4B82-ABB6-D71B4A1CFCD6}.Debug|Any CPU.Build.0 = Debug|Any CPU
		{2CBB4BD8-F2CB-4B82-ABB6-D71B4A1CFCD6}.Release|Any CPU.ActiveCfg = Release|Any CPU
		{2CBB4BD8-F2CB-4B82-ABB6-D71B4A1CFCD6}.Release|Any CPU.Build.0 = Release|Any CPU
		{62A81764-DB95-49CB-AA36-D5FD3DFC6E71}.Debug|Any CPU.ActiveCfg = Debug|Any CPU
		{62A81764-DB95-49CB-AA36-D5FD3DFC6E71}.Debug|Any CPU.Build.0 = Debug|Any CPU
		{62A81764-DB95-49CB-AA36-D5FD3DFC6E71}.Release|Any CPU.ActiveCfg = Release|Any CPU
		{62A81764-DB95-49CB-AA36-D5FD3DFC6E71}.Release|Any CPU.Build.0 = Release|Any CPU
		{16EAAA6D-0C4B-4A12-971E-F62AB70A1EE4}.Debug|Any CPU.ActiveCfg = Debug|Any CPU
		{16EAAA6D-0C4B-4A12-971E-F62AB70A1EE4}.Debug|Any CPU.Build.0 = Debug|Any CPU
		{16EAAA6D-0C4B-4A12-971E-F62AB70A1EE4}.Release|Any CPU.ActiveCfg = Release|Any CPU
		{16EAAA6D-0C4B-4A12-971E-F62AB70A1EE4}.Release|Any CPU.Build.0 = Release|Any CPU
		{EC058346-663A-499C-9535-611CC2DB19E3}.Debug|Any CPU.ActiveCfg = Debug|Any CPU
		{EC058346-663A-499C-9535-611CC2DB19E3}.Debug|Any CPU.Build.0 = Debug|Any CPU
		{EC058346-663A-499C-9535-611CC2DB19E3}.Release|Any CPU.ActiveCfg = Release|Any CPU
		{EC058346-663A-499C-9535-611CC2DB19E3}.Release|Any CPU.Build.0 = Release|Any CPU
		{6F28249D-6F38-43D4-AB3A-27508E589EE5}.Debug|Any CPU.ActiveCfg = Debug|Any CPU
		{6F28249D-6F38-43D4-AB3A-27508E589EE5}.Debug|Any CPU.Build.0 = Debug|Any CPU
		{6F28249D-6F38-43D4-AB3A-27508E589EE5}.Release|Any CPU.ActiveCfg = Release|Any CPU
		{6F28249D-6F38-43D4-AB3A-27508E589EE5}.Release|Any CPU.Build.0 = Release|Any CPU
		{65065C5B-8839-437D-B23F-2D5AA4866E2D}.Debug|Any CPU.ActiveCfg = Debug|Any CPU
		{65065C5B-8839-437D-B23F-2D5AA4866E2D}.Debug|Any CPU.Build.0 = Debug|Any CPU
		{65065C5B-8839-437D-B23F-2D5AA4866E2D}.Release|Any CPU.ActiveCfg = Release|Any CPU
		{65065C5B-8839-437D-B23F-2D5AA4866E2D}.Release|Any CPU.Build.0 = Release|Any CPU
		{3D2A7923-E29F-4663-A5AF-17181FC9622B}.Debug|Any CPU.ActiveCfg = Debug|Any CPU
		{3D2A7923-E29F-4663-A5AF-17181FC9622B}.Debug|Any CPU.Build.0 = Debug|Any CPU
		{3D2A7923-E29F-4663-A5AF-17181FC9622B}.Release|Any CPU.ActiveCfg = Release|Any CPU
		{3D2A7923-E29F-4663-A5AF-17181FC9622B}.Release|Any CPU.Build.0 = Release|Any CPU
		{88C48D64-C38B-4B87-9A3B-DC1763A93E94}.Debug|Any CPU.ActiveCfg = Debug|Any CPU
		{88C48D64-C38B-4B87-9A3B-DC1763A93E94}.Debug|Any CPU.Build.0 = Debug|Any CPU
		{88C48D64-C38B-4B87-9A3B-DC1763A93E94}.Release|Any CPU.ActiveCfg = Release|Any CPU
		{88C48D64-C38B-4B87-9A3B-DC1763A93E94}.Release|Any CPU.Build.0 = Release|Any CPU
		{AB97C3E3-F559-4631-A554-F4CD6B594228}.Debug|Any CPU.ActiveCfg = Debug|Any CPU
		{AB97C3E3-F559-4631-A554-F4CD6B594228}.Debug|Any CPU.Build.0 = Debug|Any CPU
		{AB97C3E3-F559-4631-A554-F4CD6B594228}.Release|Any CPU.ActiveCfg = Release|Any CPU
		{AB97C3E3-F559-4631-A554-F4CD6B594228}.Release|Any CPU.Build.0 = Release|Any CPU
		{01B3CAE5-8BB5-4887-8047-DA394F481403}.Debug|Any CPU.ActiveCfg = Debug|Any CPU
		{01B3CAE5-8BB5-4887-8047-DA394F481403}.Debug|Any CPU.Build.0 = Debug|Any CPU
		{01B3CAE5-8BB5-4887-8047-DA394F481403}.Release|Any CPU.ActiveCfg = Release|Any CPU
		{01B3CAE5-8BB5-4887-8047-DA394F481403}.Release|Any CPU.Build.0 = Release|Any CPU
	EndGlobalSection
	GlobalSection(SolutionProperties) = preSolution
		HideSolutionNode = FALSE
	EndGlobalSection
EndGlobal
