
Microsoft Visual Studio Solution File, Format Version 12.00
# Visual Studio 14
VisualStudioVersion = 14.0.25123.0
MinimumVisualStudioVersion = 10.0.40219.1
Project("{FAE04EC0-301F-11D3-BF4B-00C04F79EFBC}") = "Shapes", "Shapes\Shapes.csproj", "{5F3DF096-407A-421F-BF67-D8264A0E6F90}"
EndProject
Project("{FAE04EC0-301F-11D3-BF4B-00C04F79EFBC}") = "Validation", "Validation\Validation.csproj", "{FF09939E-1AA3-478E-A8AB-A9795C67EEC4}"
EndProject
Project("{FAE04EC0-301F-11D3-BF4B-00C04F79EFBC}") = "BankSystem", "BankSystem\BankSystem.csproj", "{78C79E3C-B538-431E-A0AB-D99E8EC4A990}"
EndProject
Project("{FAE04EC0-301F-11D3-BF4B-00C04F79EFBC}") = "RangeException", "RangeException\RangeException.csproj", "{C554F4F0-4298-4690-8E72-2310F5B4ADA2}"
EndProject
Global
	GlobalSection(SolutionConfigurationPlatforms) = preSolution
		Debug|Any CPU = Debug|Any CPU
		Release|Any CPU = Release|Any CPU
	EndGlobalSection
	GlobalSection(ProjectConfigurationPlatforms) = postSolution
		{5F3DF096-407A-421F-BF67-D8264A0E6F90}.Debug|Any CPU.ActiveCfg = Debug|Any CPU
		{5F3DF096-407A-421F-BF67-D8264A0E6F90}.Debug|Any CPU.Build.0 = Debug|Any CPU
		{5F3DF096-407A-421F-BF67-D8264A0E6F90}.Release|Any CPU.ActiveCfg = Release|Any CPU
		{5F3DF096-407A-421F-BF67-D8264A0E6F90}.Release|Any CPU.Build.0 = Release|Any CPU
		{FF09939E-1AA3-478E-A8AB-A9795C67EEC4}.Debug|Any CPU.ActiveCfg = Debug|Any CPU
		{FF09939E-1AA3-478E-A8AB-A9795C67EEC4}.Debug|Any CPU.Build.0 = Debug|Any CPU
		{FF09939E-1AA3-478E-A8AB-A9795C67EEC4}.Release|Any CPU.ActiveCfg = Release|Any CPU
		{FF09939E-1AA3-478E-A8AB-A9795C67EEC4}.Release|Any CPU.Build.0 = Release|Any CPU
		{78C79E3C-B538-431E-A0AB-D99E8EC4A990}.Debug|Any CPU.ActiveCfg = Debug|Any CPU
		{78C79E3C-B538-431E-A0AB-D99E8EC4A990}.Debug|Any CPU.Build.0 = Debug|Any CPU
		{78C79E3C-B538-431E-A0AB-D99E8EC4A990}.Release|Any CPU.ActiveCfg = Release|Any CPU
		{78C79E3C-B538-431E-A0AB-D99E8EC4A990}.Release|Any CPU.Build.0 = Release|Any CPU
		{C554F4F0-4298-4690-8E72-2310F5B4ADA2}.Debug|Any CPU.ActiveCfg = Debug|Any CPU
		{C554F4F0-4298-4690-8E72-2310F5B4ADA2}.Debug|Any CPU.Build.0 = Debug|Any CPU
		{C554F4F0-4298-4690-8E72-2310F5B4ADA2}.Release|Any CPU.ActiveCfg = Release|Any CPU
		{C554F4F0-4298-4690-8E72-2310F5B4ADA2}.Release|Any CPU.Build.0 = Release|Any CPU
	EndGlobalSection
	GlobalSection(SolutionProperties) = preSolution
		HideSolutionNode = FALSE
	EndGlobalSection
EndGlobal
